<?xml version="1.0" encoding="utf-8"?>
<Project ToolsVersion="4.0" xmlns="http://schemas.microsoft.com/developer/msbuild/2003">
  <ItemGroup>
    <Filter Include="Source Files">
      <UniqueIdentifier>{4FC737F1-C7A5-4376-A066-2A32D752A2FF}</UniqueIdentifier>
      <Extensions>cpp;c;cc;cxx;def;odl;idl;hpj;bat;asm;asmx</Extensions>
    </Filter>
    <Filter Include="Header Files">
      <UniqueIdentifier>{93995380-89BD-4b04-88EB-625FBE52EBFB}</UniqueIdentifier>
      <Extensions>h;hh;hpp;hxx;hm;inl;inc;xsd</Extensions>
    </Filter>
    <Filter Include="Resource Files">
      <UniqueIdentifier>{67DA6AB6-F800-4c08-8B7A-83BB121AAD01}</UniqueIdentifier>
      <Extensions>rc;ico;cur;bmp;dlg;rc2;rct;bin;rgs;gif;jpg;jpeg;jpe;resx;tiff;tif;png;wav;mfcribbon-ms</Extensions>
    </Filter>
  </ItemGroup>
  <ItemGroup>
    <ClCompile Include="..\..\main.cpp">
      <Filter>Source Files</Filter>
    </ClCompile>
    <ClCompile Include="..\..\shaderType.cpp">
      <Filter>Source Files</Filter>
    </ClCompile>
    <ClCompile Include="..\..\experiments\preliminary\prototypeParsers\daeParser.cpp">
      <Filter>Source Files</Filter>
    </ClCompile>
    <ClCompile Include="..\..\experiments\preliminary\prototypeParsers\prototypeObjParser.cpp">
      <Filter>Source Files</Filter>
    </ClCompile>
    <ClCompile Include="..\..\experiments\preliminary\fileThroughput\fileThroughput.cpp">
      <Filter>Source Files</Filter>
    </ClCompile>
    <ClCompile Include="..\..\experiments\preliminary\prototypeParsers\xmlNode.cpp">
      <Filter>Source Files</Filter>
    </ClCompile>
    <ClCompile Include="..\..\experiments\preliminary\prototypeParsers\XMLParseState.cpp">
      <Filter>Source Files</Filter>
    </ClCompile>
    <ClCompile Include="..\..\experiments\preliminary\prototypeParsers\xmlParsingStackMember.cpp">
      <Filter>Source Files</Filter>
    </ClCompile>
    <ClCompile Include="..\..\experiments\preliminary\prototypeParsers\stringToFloatFast.cpp">
      <Filter>Source Files</Filter>
    </ClCompile>
    <ClCompile Include="..\..\src\Mesh.cpp">
      <Filter>Source Files</Filter>
    </ClCompile>
    <ClCompile Include="..\..\src\Texture.cpp">
      <Filter>Source Files</Filter>
    </ClCompile>
    <ClCompile Include="..\..\src\Vertex.cpp">
      <Filter>Source Files</Filter>
    </ClCompile>
    <ClCompile Include="objParser.cpp">
      <Filter>Source Files</Filter>
    </ClCompile>
  </ItemGroup>
  <ItemGroup>
    <ClInclude Include="..\..\shader.h">
      <Filter>Header Files</Filter>
    </ClInclude>
    <ClInclude Include="..\..\shaderProgram.h">
      <Filter>Header Files</Filter>
    </ClInclude>
    <ClInclude Include="..\..\shaderType.h">
      <Filter>Header Files</Filter>
    </ClInclude>
    <ClInclude Include="..\..\experiments\preliminary\prototypeParsers\daeParser.h">
      <Filter>Header Files</Filter>
    </ClInclude>
    <ClInclude Include="..\..\experiments\preliminary\prototypeParsers\prototypeObjParser.h">
      <Filter>Header Files</Filter>
    </ClInclude>
    <ClInclude Include="..\..\experiments\preliminary\prototypeParsers\stringToFloatFast.h">
      <Filter>Header Files</Filter>
    </ClInclude>
    <ClInclude Include="..\..\experiments\preliminary\fileThroughput\fileThroughput.h">
      <Filter>Header Files</Filter>
    </ClInclude>
    <ClInclude Include="..\..\experiments\preliminary\prototypeParsers\xmlNode.h">
      <Filter>Header Files</Filter>
    </ClInclude>
    <ClInclude Include="..\..\experiments\preliminary\prototypeParsers\bufferParseResult.h">
      <Filter>Header Files</Filter>
    </ClInclude>
    <ClInclude Include="..\..\experiments\preliminary\prototypeParsers\typedefs.h">
      <Filter>Header Files</Filter>
    </ClInclude>
    <ClInclude Include="..\..\experiments\preliminary\prototypeParsers\XMLParseState.h">
      <Filter>Header Files</Filter>
    </ClInclude>
    <ClInclude Include="..\..\experiments\preliminary\prototypeParsers\xmlParsingStackMember.h">
      <Filter>Header Files</Filter>
    </ClInclude>
    <ClInclude Include="..\..\src\Mesh.h">
      <Filter>Header Files</Filter>
    </ClInclude>
    <ClInclude Include="..\..\src\Texture.h">
      <Filter>Header Files</Filter>
    </ClInclude>
    <ClInclude Include="..\..\src\Vertex.h">
      <Filter>Header Files</Filter>
    </ClInclude>
    <ClInclude Include="..\..\stb_image.h">
      <Filter>Header Files</Filter>
    </ClInclude>
    <ClInclude Include="objParser.h">
      <Filter>Header Files</Filter>
    </ClInclude>
  </ItemGroup>
  <ItemGroup>
    <None Include="..\..\experiments\preliminary\fileThroughput\results.md" />
    <None Include="packages.config" />
    <None Include="..\..\shaders\fragment.glsl" />
    <None Include="..\..\shaders\vertex.glsl" />
    <None Include="..\..\remember.md" />
    <None Include="..\..\Requirements.md" />
    <None Include="..\..\todo.md" />
    <None Include="..\..\uncategorized.md" />
  </ItemGroup>
</Project>